{
  "requires": true,
  "lockfileVersion": 1,
  "dependencies": {
    "arrayiffy-if-string": {
      "version": "3.10.26",
      "resolved": "https://registry.npmjs.org/arrayiffy-if-string/-/arrayiffy-if-string-3.10.26.tgz",
      "integrity": "sha512-QXAboMEjWzjSaDDGohVgq8InHgyiVnI92cZHUfErNmgQu0gQcXrCCGveWxW8/5bcOXU278s6ruowQj+pYtWQLQ=="
    },
    "ast-monkey-traverse": {
      "version": "1.11.22",
      "resolved": "https://registry.npmjs.org/ast-monkey-traverse/-/ast-monkey-traverse-1.11.22.tgz",
      "integrity": "sha512-5eNxf8pqTLPIer8m+xqOVabqCqJioI/5zUCT3xSeMU8/w/g/wwuJDcFSl4sMv017ldeMORpdi783sH+F0fUgFQ==",
      "requires": {
        "lodash.clonedeep": "4.5.0",
        "lodash.isplainobject": "4.0.6"
      }
    },
    "check-types-mini": {
      "version": "5.7.22",
      "resolved": "https://registry.npmjs.org/check-types-mini/-/check-types-mini-5.7.22.tgz",
      "integrity": "sha512-WCmOHAgcwluBZGyQSKSqDXd1hYnP4pv4S16DjMwFteoK+HtSQe/i/ijm1428mvHS+o3I+YY8cP0ok5uL1/z/ZA==",
      "requires": {
        "arrayiffy-if-string": "3.10.26",
        "ast-monkey-traverse": "1.11.22",
        "lodash.intersection": "4.4.0",
        "lodash.pullall": "4.2.0",
        "matcher": "2.0.0",
        "object-path": "0.11.4",
        "ordinal": "1.0.3",
        "type-detect": "4.0.8"
      }
    },
    "csv-split-easy": {
      "version": "3.0.17",
      "resolved": "https://registry.npmjs.org/csv-split-easy/-/csv-split-easy-3.0.17.tgz",
      "integrity": "sha512-wrmgMdvYTYQUOY97zkabiul68G2gqmyup431cVg//eaVOfljgcJITxyBHz0WBSQVpuMcPD9Jm/Bzr/Dn9zQuWA==",
      "requires": {
        "check-types-mini": "5.7.22",
        "lodash.isplainobject": "4.0.6",
        "string-remove-thousand-separators": "3.0.17"
      }
    },
    "escape-string-regexp": {
      "version": "2.0.0",
      "resolved": "https://registry.npmjs.org/escape-string-regexp/-/escape-string-regexp-2.0.0.tgz",
      "integrity": "sha512-UpzcLCXolUWcNu5HtVMHYdXJjArjsF9C0aNnquZYY4uW/Vu0miy5YoWvbV345HauVvcAUnpRuhMMcqTcGOY2+w=="
    },
    "is-natural-number": {
      "version": "4.0.1",
      "resolved": "https://registry.npmjs.org/is-natural-number/-/is-natural-number-4.0.1.tgz",
      "integrity": "sha1-q5124dtM7VHjXeDHLr7PCfc0zeg="
    },
    "is-natural-number-string": {
      "version": "1.0.1",
      "resolved": "https://registry.npmjs.org/is-natural-number-string/-/is-natural-number-string-1.0.1.tgz",
      "integrity": "sha1-0OvxwBH64tOwc02MgBFuJRKkoug="
    },
    "is-numeric": {
      "version": "0.0.9",
      "resolved": "https://registry.npmjs.org/is-numeric/-/is-numeric-0.0.9.tgz",
      "integrity": "sha512-Uw52EJz+uEnanfDFCf2TJSjJFjFQ2mL5HZOXFNBolJCvdxAhRBZ4qTbggQpaXQTGsB/tgtFBBTe5l2hSGw2RnQ=="
    },
    "lodash.clonedeep": {
      "version": "4.5.0",
      "resolved": "https://registry.npmjs.org/lodash.clonedeep/-/lodash.clonedeep-4.5.0.tgz",
      "integrity": "sha1-4j8/nE+Pvd6HJSnBBxhXoIblzO8="
    },
    "lodash.intersection": {
      "version": "4.4.0",
      "resolved": "https://registry.npmjs.org/lodash.intersection/-/lodash.intersection-4.4.0.tgz",
      "integrity": "sha1-ChG6Yx0OlcI8fy9Mu5ppLtF45wU="
    },
    "lodash.isplainobject": {
      "version": "4.0.6",
      "resolved": "https://registry.npmjs.org/lodash.isplainobject/-/lodash.isplainobject-4.0.6.tgz",
      "integrity": "sha1-fFJqUtibRcRcxpC4gWO+BJf1UMs="
    },
    "lodash.pullall": {
      "version": "4.2.0",
      "resolved": "https://registry.npmjs.org/lodash.pullall/-/lodash.pullall-4.2.0.tgz",
      "integrity": "sha1-nZi4UYt8llsPrkCZvZ+334u/OLo="
    },
    "lodash.trim": {
      "version": "4.5.1",
      "resolved": "https://registry.npmjs.org/lodash.trim/-/lodash.trim-4.5.1.tgz",
      "integrity": "sha1-NkJefukL5KpeJ7zruFt9EepHqlc="
    },
    "matcher": {
      "version": "2.0.0",
      "resolved": "https://registry.npmjs.org/matcher/-/matcher-2.0.0.tgz",
      "integrity": "sha512-nlmfSlgHBFx36j/Pl/KQPbIaqE8Zf0TqmSMjsuddHDg6PMSVgmyW9HpkLs0o0M1n2GIZ/S2BZBLIww/xjhiGng==",
      "requires": {
        "escape-string-regexp": "2.0.0"
      }
    },
    "object-path": {
      "version": "0.11.4",
      "resolved": "https://registry.npmjs.org/object-path/-/object-path-0.11.4.tgz",
      "integrity": "sha1-NwrnUvvzfePqcKhhwju6iRVpGUk="
    },
    "ordinal": {
      "version": "1.0.3",
      "resolved": "https://registry.npmjs.org/ordinal/-/ordinal-1.0.3.tgz",
      "integrity": "sha512-cMddMgb2QElm8G7vdaa02jhUNbTSrhsgAGUz1OokD83uJTwSUn+nKoNoKVVaRa08yF6sgfO7Maou1+bgLd9rdQ=="
    },
    "ordinal-number-suffix": {
      "version": "0.1.2",
      "resolved": "https://registry.npmjs.org/ordinal-number-suffix/-/ordinal-number-suffix-0.1.2.tgz",
      "integrity": "sha512-Pe8iFV6R5GYxATa6FqPWr904CuD6El2o1pAja5fnEKJgofKgx5iFjImhWzND2naTtBGMyJTcIh3+FpuyFKGqiw=="
    },
    "ranges-apply": {
      "version": "3.0.17",
      "resolved": "https://registry.npmjs.org/ranges-apply/-/ranges-apply-3.0.17.tgz",
      "integrity": "sha512-qsxsHUripeTrx8Zlb8cmeRaKaEScIyCy3lL8IrQNTyhxDjInuHkgakH1MLXN0fG4MreN9ncX5G93e5Wy3SFm8Q==",
      "requires": {
        "is-natural-number": "4.0.1",
        "is-natural-number-string": "1.0.1",
        "ordinal-number-suffix": "0.1.2",
        "ranges-merge": "4.2.4"
      }
    },
    "ranges-merge": {
      "version": "4.2.4",
      "resolved": "https://registry.npmjs.org/ranges-merge/-/ranges-merge-4.2.4.tgz",
      "integrity": "sha512-kuBg0Y7IhGMOeyPfINx5GujFP6YxT9gtjgrwWLtJ3KLiCrG7y3qST/ErddTII245GjtstRvFdvW1FVFvz711IA==",
      "requires": {
        "lodash.clonedeep": "4.5.0",
        "lodash.isplainobject": "4.0.6",
        "ranges-sort": "3.10.26"
      }
    },
    "ranges-push": {
      "version": "3.2.1",
      "resolved": "https://registry.npmjs.org/ranges-push/-/ranges-push-3.2.1.tgz",
      "integrity": "sha512-gY60euIM5qXzkFNKBztVxjXg1R9G+f3qsFiS0Xozg1M0DA9CQbj4Fy4Ehe16xI1DH3he718HdDXbYwfbpbhAGg==",
      "requires": {
        "is-natural-number": "4.0.1",
        "is-natural-number-string": "1.0.1",
        "lodash.clonedeep": "4.5.0",
        "ordinal-number-suffix": "0.1.2",
        "ranges-merge": "4.2.4",
        "string-collapse-leading-whitespace": "1.12.26"
      }
    },
    "ranges-sort": {
      "version": "3.10.26",
      "resolved": "https://registry.npmjs.org/ranges-sort/-/ranges-sort-3.10.26.tgz",
      "integrity": "sha512-NzxshannY92jlRj4WdCs8BuWOqoVpP4BkKxiTCV7L37JginT+es5wzzUDwW8hBx8iOR+zNUIQAOYFCy5rMZvcw==",
      "requires": {
        "check-types-mini": "5.7.22",
        "is-natural-number": "4.0.1",
        "ordinal-number-suffix": "0.1.2"
      }
    },
    "string-collapse-leading-whitespace": {
      "version": "1.12.26",
      "resolved": "https://registry.npmjs.org/string-collapse-leading-whitespace/-/string-collapse-leading-whitespace-1.12.26.tgz",
      "integrity": "sha512-Cra5vpDQ9DYcSvQ7SWzaP0vHUOPAkKERJxpPhNXlkg8tcBD5UL++NyqRBCuURUnb3dSzWEntDwQxuoAJsMYrrg=="
    },
    "string-remove-thousand-separators": {
      "version": "3.0.17",
      "resolved": "https://registry.npmjs.org/string-remove-thousand-separators/-/string-remove-thousand-separators-3.0.17.tgz",
      "integrity": "sha512-IlvMDUJHzrGKwB9YbjH3XH2VSLU/dt4CsR7KxYlLl3nM5TqZMXRwc//gAzrM7wsAjfwlXSnIUonWDWGjQrTnBA==",
      "requires": {
        "check-types-mini": "5.7.22",
        "is-numeric": "0.0.9",
        "lodash.isplainobject": "4.0.6",
        "lodash.trim": "4.5.1",
        "ranges-apply": "3.0.17",
        "ranges-push": "3.2.1"
      }
    },
    "type-detect": {
      "version": "4.0.8",
      "resolved": "https://registry.npmjs.org/type-detect/-/type-detect-4.0.8.tgz",
      "integrity": "sha512-0fr/mIH1dlO+x7TlcMy+bIDqKPsw/70tVyeHW787goQjhmqaZe10uwLujubK9q9Lg6Fiho1KUKDYz0Z7k7g5/g=="
    }
  }
}
